
Microsoft Visual Studio Solution File, Format Version 11.00
# Visual C# Express 2010
Project("{FAE04EC0-301F-11D3-BF4B-00C04F79EFBC}") = "libsword", "libsword\libsword.csproj", "{D982F8B9-5528-4CB2-A4A4-FF93F7B4C434}"
EndProject
Global
	GlobalSection(SolutionConfigurationPlatforms) = preSolution
		Debug|Any CPU = Debug|Any CPU
		Release|Any CPU = Release|Any CPU
	EndGlobalSection
	GlobalSection(ProjectConfigurationPlatforms) = postSolution
		{D982F8B9-5528-4CB2-A4A4-FF93F7B4C434}.Debug|Any CPU.ActiveCfg = Debug|Any CPU
		{D982F8B9-5528-4CB2-A4A4-FF93F7B4C434}.Debug|Any CPU.Build.0 = Debug|Any CPU
		{D982F8B9-5528-4CB2-A4A4-FF93F7B4C434}.Release|Any CPU.ActiveCfg = Release|Any CPU
		{D982F8B9-5528-4CB2-A4A4-FF93F7B4C434}.Release|Any CPU.Build.0 = Release|Any CPU
	EndGlobalSection
	GlobalSection(SolutionProperties) = preSolution
		HideSolutionNode = FALSE
	EndGlobalSection
EndGlobal
